{
    "_readme": [
        "This file locks the dependencies of your project to a known state",
        "Read more about it at https://getcomposer.org/doc/01-basic-usage.md#installing-dependencies",
        "This file is @generated automatically"
    ],
    "content-hash": "c50a75fe21e33576dbac755231cc5a80",
    "packages": [],
    "packages-dev": [
        {
            "name": "automattic/wordbless",
            "version": "0.3.1",
            "source": {
                "type": "git",
                "url": "https://github.com/Automattic/wordbless.git",
                "reference": "fc36fd22a43a9cfd2a47cd576a0584ee88afe521"
            },
            "dist": {
                "type": "zip",
                "url": "https://api.github.com/repos/Automattic/wordbless/zipball/fc36fd22a43a9cfd2a47cd576a0584ee88afe521",
                "reference": "fc36fd22a43a9cfd2a47cd576a0584ee88afe521",
                "shasum": ""
            },
            "require": {
                "php": ">=5.6.20",
                "roots/wordpress": "^5.4"
            },
            "require-dev": {
                "phpunit/phpunit": "^5.7 || ^6.5 || ^7.5 || ^9.0"
            },
            "type": "wordpress-dropin",
            "autoload": {
                "psr-4": {
                    "WorDBless\\": "src/"
                }
            },
            "notification-url": "https://packagist.org/downloads/",
            "license": [
                "GPL-2.0-or-later"
            ],
            "authors": [
                {
                    "name": "Automattic Inc."
                }
            ],
            "description": "WorDBless allows you to use WordPress core functions in your PHPUnit tests without having to set up a database and the whole WordPress environment",
            "support": {
                "issues": "https://github.com/Automattic/wordbless/issues",
                "source": "https://github.com/Automattic/wordbless/tree/0.3.1"
            },
            "time": "2021-07-07T13:01:21+00:00"
        },
        {
            "name": "pronamic/wp-http",
            "version": "1.1.1",
            "source": {
                "type": "git",
                "url": "https://github.com/pronamic/wp-http.git",
                "reference": "0baa3cf7688e76355b84d817222fd946e59cc887"
            },
            "dist": {
                "type": "zip",
                "url": "https://api.github.com/repos/pronamic/wp-http/zipball/0baa3cf7688e76355b84d817222fd946e59cc887",
                "reference": "0baa3cf7688e76355b84d817222fd946e59cc887",
                "shasum": ""
            },
            "require": {
                "php": ">=5.6.20"
            },
            "require-dev": {
                "bamarni/composer-bin-plugin": "^1.4",
                "dealerdirect/phpcodesniffer-composer-installer": "^0.7",
                "php-coveralls/php-coveralls": "^2.4",
                "phpcompatibility/php-compatibility": "^9.3",
                "phpcompatibility/phpcompatibility-wp": "^2.1",
                "phpmd/phpmd": "^2.9",
                "phpunit/phpunit": "^4.0 || ^5.0 || ^6.0 || ^7.0",
                "roots/wordpress": "^5.6",
                "squizlabs/php_codesniffer": "^3.5",
                "wp-coding-standards/wpcs": "^2.3",
                "wp-phpunit/wp-phpunit": "^5.6"
            },
            "type": "library",
            "autoload": {
                "psr-4": {
                    "Pronamic\\WordPress\\Http\\": "src"
                }
            },
            "notification-url": "https://packagist.org/downloads/",
            "description": "WordPress HTTP library.",
            "support": {
                "issues": "https://github.com/pronamic/wp-http/issues",
                "source": "https://github.com/pronamic/wp-http/tree/1.1.1"
            },
            "time": "2021-06-18T14:31:41+00:00"
        },
        {
            "name": "roots/wordpress",
            "version": "5.8",
            "source": {
                "type": "git",
                "url": "https://github.com/WordPress/WordPress.git",
                "reference": "5.8"
            },
            "dist": {
                "type": "zip",
                "url": "https://api.github.com/repos/WordPress/WordPress/zipball/refs/tags/5.8"
            },
            "require": {
                "php": ">=5.3.2",
                "roots/wordpress-core-installer": ">=1.0.0"
            },
            "type": "wordpress-core",
            "notification-url": "https://packagist.org/downloads/",
            "license": [
                "GPL-2.0-or-later"
            ],
            "authors": [
                {
                    "name": "WordPress Community",
                    "homepage": "https://wordpress.org/about/"
                }
            ],
            "description": "WordPress is web software you can use to create a beautiful website or blog.",
            "homepage": "https://wordpress.org/",
            "keywords": [
                "blog",
                "cms",
                "wordpress"
            ],
            "support": {
                "docs": "https://developer.wordpress.org/",
                "forum": "https://wordpress.org/support/",
                "irc": "irc://irc.freenode.net/wordpress",
                "issues": "https://core.trac.wordpress.org/",
                "rss": "https://wordpress.org/news/feed/",
                "source": "https://core.trac.wordpress.org/browser",
                "wiki": "https://codex.wordpress.org/"
            },
            "funding": [
                {
                    "url": "https://github.com/roots",
                    "type": "github"
                },
                {
                    "url": "https://www.patreon.com/rootsdev",
                    "type": "patreon"
                }
            ],
            "time": "2021-07-20T16:24:55+00:00"
        },
        {
            "name": "roots/wordpress-core-installer",
            "version": "1.100.0",
            "source": {
                "type": "git",
                "url": "https://github.com/roots/wordpress-core-installer.git",
                "reference": "73f8488e5178c5d54234b919f823a9095e2b1847"
            },
            "dist": {
                "type": "zip",
                "url": "https://api.github.com/repos/roots/wordpress-core-installer/zipball/73f8488e5178c5d54234b919f823a9095e2b1847",
                "reference": "73f8488e5178c5d54234b919f823a9095e2b1847",
                "shasum": ""
            },
            "require": {
                "composer-plugin-api": "^1.0 || ^2.0",
                "php": ">=5.6.0"
            },
            "conflict": {
                "composer/installers": "<1.0.6"
            },
            "replace": {
                "johnpbloch/wordpress-core-installer": "*"
            },
            "require-dev": {
                "composer/composer": "^1.0 || ^2.0",
                "phpunit/phpunit": ">=5.7.27"
            },
            "type": "composer-plugin",
            "extra": {
                "class": "Roots\\Composer\\WordPressCorePlugin"
            },
            "autoload": {
                "psr-4": {
                    "Roots\\Composer\\": "src/"
                }
            },
            "notification-url": "https://packagist.org/downloads/",
            "license": [
                "GPL-2.0-or-later"
            ],
            "authors": [
                {
                    "name": "John P. Bloch",
                    "email": "me@johnpbloch.com"
                },
                {
                    "name": "Roots",
                    "email": "team@roots.io"
                }
            ],
            "description": "A custom installer to handle deploying WordPress with composer",
            "keywords": [
                "wordpress"
            ],
            "support": {
                "issues": "https://github.com/roots/wordpress-core-installer/issues",
                "source": "https://github.com/roots/wordpress-core-installer/tree/master"
            },
            "funding": [
                {
                    "url": "https://github.com/roots",
                    "type": "github"
                },
                {
                    "url": "https://www.patreon.com/rootsdev",
                    "type": "patreon"
                }
            ],
            "time": "2020-08-20T00:27:30+00:00"
        }
    ],
    "aliases": [],
    "minimum-stability": "stable",
    "stability-flags": [],
    "prefer-stable": false,
    "prefer-lowest": false,
    "platform": [],
    "platform-dev": [],
    "plugin-api-version": "2.1.0"
}
